// !$*UTF8*$!
{
	archiveVersion = 1;
	classes = {
	};
	objectVersion = 46;
	objects = {

/* Begin PBXAggregateTarget section */
		456AD866690227F090CFB820 /* Tester1 - All */ = {
			isa = PBXAggregateTarget;
			buildConfigurationList = C32FB7AA069CEB02F566A23A /* Build configuration list for PBXAggregateTarget "Tester1 - All" */;
			buildPhases = (
			);
			dependencies = (
				25FE32C830655AEE4CE58D47 /* PBXTargetDependency */,
				052145C5ED9E93DA590F9BEF /* PBXTargetDependency */,
			);
			name = "Tester1 - All";
			productName = Tester1;
		};
/* End PBXAggregateTarget section */

/* Begin PBXBuildFile section */
		03A7BC0C40B5F2500698EEA5 /* include_juce_audio_basics.mm in Sources */ = {isa = PBXBuildFile; fileRef = 6C0EBD71768573BFE3C85A97 /* include_juce_audio_basics.mm */; };
		094515D68C2EDFCABD854077 /* include_juce_audio_processors.mm in Sources */ = {isa = PBXBuildFile; fileRef = F21C1D66F7814ED58DC86162 /* include_juce_audio_processors.mm */; };
		0AC6598BF6D5D8EF42A926ED /* CoreMIDI.framework in Frameworks */ = {isa = PBXBuildFile; fileRef = 4984372B4E0E211E50AE560D /* CoreMIDI.framework */; };
		0FFD9D0DBA1619972F901163 /* Cocoa.framework in Frameworks */ = {isa = PBXBuildFile; fileRef = EEB7F97691D1E8F7F0661336 /* Cocoa.framework */; };
		1077C3EEA112F5552BB52BBF /* Metal.framework in Frameworks */ = {isa = PBXBuildFile; fileRef = 80BDDFE80DC2D2F82CA9249E /* Metal.framework */; settings = {ATTRIBUTES = (Weak, ); }; };
		15894D42FEB40939BAB5B275 /* IOKit.framework in Frameworks */ = {isa = PBXBuildFile; fileRef = 84CAFA21F2CCC595E5CD9B3E /* IOKit.framework */; };
		1E2F0810DFAB2A3B0559CAF1 /* RecentFilesMenuTemplate.nib in Resources */ = {isa = PBXBuildFile; fileRef = 57D57412CC184FB018439CD8 /* RecentFilesMenuTemplate.nib */; };
		2A18737B6F61B69EA983E17A /* include_juce_graphics.mm in Sources */ = {isa = PBXBuildFile; fileRef = 69B3AB54052129A94B4CFC50 /* include_juce_graphics.mm */; };
		2DE72DAC5A2EAA3B4D61D541 /* WebKit.framework in Frameworks */ = {isa = PBXBuildFile; fileRef = D766D0AD91FEAB456F038E19 /* WebKit.framework */; };
		31410792B92691D6DC2B7717 /* include_juce_data_structures.mm in Sources */ = {isa = PBXBuildFile; fileRef = C50CC21DC33664BFECE4444B /* include_juce_data_structures.mm */; };
		39A413B86D902A06C68A5B06 /* include_juce_core.mm in Sources */ = {isa = PBXBuildFile; fileRef = 2B551043EE6A9588D38B2CFB /* include_juce_core.mm */; };
		3BBECEEF1977D3F6D047232B /* Accelerate.framework in Frameworks */ = {isa = PBXBuildFile; fileRef = F4B002C81C6FC841FF301230 /* Accelerate.framework */; };
		49CE98F8020C361A587727F8 /* include_juce_gui_basics.mm in Sources */ = {isa = PBXBuildFile; fileRef = AA924DD58730483DECF7904E /* include_juce_gui_basics.mm */; };
		4B2B85495350D7690F0854F3 /* Foundation.framework in Frameworks */ = {isa = PBXBuildFile; fileRef = 57A854EBFC6407DABD12D15F /* Foundation.framework */; };
		4CC2263A2CAE9A69E85006B7 /* include_juce_gui_extra.mm in Sources */ = {isa = PBXBuildFile; fileRef = F145DC5841CA9E067FE53B45 /* include_juce_gui_extra.mm */; };
		52AECF6F88195FC71701352C /* Security.framework in Frameworks */ = {isa = PBXBuildFile; fileRef = 4AEB127BF7197762B0E1178D /* Security.framework */; };
		6CC36A80A36B27C67A50BB7B /* AudioToolbox.framework in Frameworks */ = {isa = PBXBuildFile; fileRef = F3BF1C3191104F1FE6D0C1CF /* AudioToolbox.framework */; };
		7D9DAC0BD72CE0CA53F5AADC /* include_juce_audio_processors_ara.cpp in Sources */ = {isa = PBXBuildFile; fileRef = 8ED9B7CD1118280D151917AA /* include_juce_audio_processors_ara.cpp */; };
		801F693CC1B0DAA4EE5BCB5B /* DiscRecording.framework in Frameworks */ = {isa = PBXBuildFile; fileRef = C87EA66180271B6841F5B8FE /* DiscRecording.framework */; };
		811A8FFEA61DF49DB668E930 /* QuartzCore.framework in Frameworks */ = {isa = PBXBuildFile; fileRef = 869571602E1B1679E6F6BC6C /* QuartzCore.framework */; };
		9A87EB9538F3A36CF1C58D07 /* MetalKit.framework in Frameworks */ = {isa = PBXBuildFile; fileRef = 7F5FF1B72BAAC8222F53FA26 /* MetalKit.framework */; settings = {ATTRIBUTES = (Weak, ); }; };
		9BD22EDF2B711BC500619B79 /* PluginProcessor.cpp in Sources */ = {isa = PBXBuildFile; fileRef = 81008D90E5C047CB2B569A1D /* PluginProcessor.cpp */; };
		A7A8F1B883F922A753CC7B52 /* CoreAudioKit.framework in Frameworks */ = {isa = PBXBuildFile; fileRef = D387952F72E720138E34910C /* CoreAudioKit.framework */; };
		B1E4D412681BDF4BC497EB07 /* include_juce_audio_utils.mm in Sources */ = {isa = PBXBuildFile; fileRef = F3993CFC4DBF1C4D5939A179 /* include_juce_audio_utils.mm */; };
		BF63244E6100F9362EAE5C2B /* PluginEditor.cpp in Sources */ = {isa = PBXBuildFile; fileRef = 6A77913E8FADBC180A521BC8 /* PluginEditor.cpp */; };
		BFF62B5C7855E111AF537145 /* include_juce_events.mm in Sources */ = {isa = PBXBuildFile; fileRef = D32F31DD1592F7AED321BACD /* include_juce_events.mm */; };
		DAE896FFB088DBDDC2CAD173 /* include_juce_audio_formats.mm in Sources */ = {isa = PBXBuildFile; fileRef = 34C3F28E72D1EFFC602F7FE2 /* include_juce_audio_formats.mm */; };
		E5625B2A2EAE6836851492B7 /* include_juce_audio_processors_lv2_libs.cpp in Sources */ = {isa = PBXBuildFile; fileRef = 92999E12D973D20613AEBA2B /* include_juce_audio_processors_lv2_libs.cpp */; };
		E6F871E27DAA1A67FCA2CBDB /* include_juce_audio_devices.mm in Sources */ = {isa = PBXBuildFile; fileRef = CCD1F394486A86DCFE8C67C7 /* include_juce_audio_devices.mm */; };
		F02EA3F904955FE88D15F797 /* CoreAudio.framework in Frameworks */ = {isa = PBXBuildFile; fileRef = 66C766312804DB327C5E4876 /* CoreAudio.framework */; };
		F69A214EBD5C47BE9314E582 /* include_juce_audio_plugin_client_Standalone.cpp in Sources */ = {isa = PBXBuildFile; fileRef = A469D57BC70DB88664475CB5 /* include_juce_audio_plugin_client_Standalone.cpp */; };
		F74EC7F38725580A8A2CEFFF /* include_juce_audio_plugin_client_ARA.cpp in Sources */ = {isa = PBXBuildFile; fileRef = 7AAE11E2AEFB586AE8D05BF9 /* include_juce_audio_plugin_client_ARA.cpp */; };
/* End PBXBuildFile section */

/* Begin PBXContainerItemProxy section */
		9BD22EDB2B711B0D00619B79 /* PBXContainerItemProxy */ = {
			isa = PBXContainerItemProxy;
			containerPortal = 234E22BF66E16660638D8976 /* Project object */;
			proxyType = 1;
			remoteGlobalIDString = 3DB21A14F3C6A0122487E040;
			remoteInfo = "Tester1 - Shared Code";
		};
		9BD22EDC2B711B0D00619B79 /* PBXContainerItemProxy */ = {
			isa = PBXContainerItemProxy;
			containerPortal = 234E22BF66E16660638D8976 /* Project object */;
			proxyType = 1;
			remoteGlobalIDString = 8391073B14A4D193CDFCC242;
			remoteInfo = "Tester1 - Standalone Plugin";
		};
		9BD22EDD2B711B0D00619B79 /* PBXContainerItemProxy */ = {
			isa = PBXContainerItemProxy;
			containerPortal = 234E22BF66E16660638D8976 /* Project object */;
			proxyType = 1;
			remoteGlobalIDString = 3DB21A14F3C6A0122487E040;
			remoteInfo = "Tester1 - Shared Code";
		};
/* End PBXContainerItemProxy section */

/* Begin PBXFileReference section */
		006AF8A245D3C842840A768A /* Info-Standalone_Plugin.plist */ = {isa = PBXFileReference; lastKnownFileType = text.plist.xml; path = "Info-Standalone_Plugin.plist"; sourceTree = SOURCE_ROOT; };
		0E826B38DA8C966F6BD23822 /* juce_audio_formats */ = {isa = PBXFileReference; lastKnownFileType = folder; name = juce_audio_formats; path = "~/JUCE/modules/juce_audio_formats"; sourceTree = "<absolute>"; };
		10E02D0EFD9E0913FF2FCF3F /* juce_audio_devices */ = {isa = PBXFileReference; lastKnownFileType = folder; name = juce_audio_devices; path = "~/JUCE/modules/juce_audio_devices"; sourceTree = "<absolute>"; };
		1D5646CE57055FD2F47D6F42 /* juce_graphics */ = {isa = PBXFileReference; lastKnownFileType = folder; name = juce_graphics; path = "~/JUCE/modules/juce_graphics"; sourceTree = "<absolute>"; };
		1E72443A166A3B6E783E55EE /* juce_events */ = {isa = PBXFileReference; lastKnownFileType = folder; name = juce_events; path = "~/JUCE/modules/juce_events"; sourceTree = "<absolute>"; };
		211EEF6BCEA5DEC416011D53 /* Tester1.app */ = {isa = PBXFileReference; explicitFileType = wrapper.application; includeInIndex = 0; path = Tester1.app; sourceTree = BUILT_PRODUCTS_DIR; };
		2B551043EE6A9588D38B2CFB /* include_juce_core.mm */ = {isa = PBXFileReference; lastKnownFileType = sourcecode.cpp.objcpp; name = include_juce_core.mm; path = ../../JuceLibraryCode/include_juce_core.mm; sourceTree = SOURCE_ROOT; };
		326243B165983B61681F1952 /* juce_audio_plugin_client */ = {isa = PBXFileReference; lastKnownFileType = folder; name = juce_audio_plugin_client; path = "~/JUCE/modules/juce_audio_plugin_client"; sourceTree = "<absolute>"; };
		34C3F28E72D1EFFC602F7FE2 /* include_juce_audio_formats.mm */ = {isa = PBXFileReference; lastKnownFileType = sourcecode.cpp.objcpp; name = include_juce_audio_formats.mm; path = ../../JuceLibraryCode/include_juce_audio_formats.mm; sourceTree = SOURCE_ROOT; };
		4984372B4E0E211E50AE560D /* CoreMIDI.framework */ = {isa = PBXFileReference; lastKnownFileType = wrapper.framework; name = CoreMIDI.framework; path = System/Library/Frameworks/CoreMIDI.framework; sourceTree = SDKROOT; };
		4AEB127BF7197762B0E1178D /* Security.framework */ = {isa = PBXFileReference; lastKnownFileType = wrapper.framework; name = Security.framework; path = System/Library/Frameworks/Security.framework; sourceTree = SDKROOT; };
		57A854EBFC6407DABD12D15F /* Foundation.framework */ = {isa = PBXFileReference; lastKnownFileType = wrapper.framework; name = Foundation.framework; path = System/Library/Frameworks/Foundation.framework; sourceTree = SDKROOT; };
		57D57412CC184FB018439CD8 /* RecentFilesMenuTemplate.nib */ = {isa = PBXFileReference; lastKnownFileType = file.nib; path = RecentFilesMenuTemplate.nib; sourceTree = SOURCE_ROOT; };
		66C766312804DB327C5E4876 /* CoreAudio.framework */ = {isa = PBXFileReference; lastKnownFileType = wrapper.framework; name = CoreAudio.framework; path = System/Library/Frameworks/CoreAudio.framework; sourceTree = SDKROOT; };
		67C38F702541FF63C02F24E4 /* PluginEditor.h */ = {isa = PBXFileReference; lastKnownFileType = sourcecode.c.h; name = PluginEditor.h; path = ../../Source/PluginEditor.h; sourceTree = SOURCE_ROOT; };
		69B3AB54052129A94B4CFC50 /* include_juce_graphics.mm */ = {isa = PBXFileReference; lastKnownFileType = sourcecode.cpp.objcpp; name = include_juce_graphics.mm; path = ../../JuceLibraryCode/include_juce_graphics.mm; sourceTree = SOURCE_ROOT; };
		6A77913E8FADBC180A521BC8 /* PluginEditor.cpp */ = {isa = PBXFileReference; lastKnownFileType = sourcecode.cpp.cpp; name = PluginEditor.cpp; path = ../../Source/PluginEditor.cpp; sourceTree = SOURCE_ROOT; };
		6C0EBD71768573BFE3C85A97 /* include_juce_audio_basics.mm */ = {isa = PBXFileReference; lastKnownFileType = sourcecode.cpp.objcpp; name = include_juce_audio_basics.mm; path = ../../JuceLibraryCode/include_juce_audio_basics.mm; sourceTree = SOURCE_ROOT; };
		7AAE11E2AEFB586AE8D05BF9 /* include_juce_audio_plugin_client_ARA.cpp */ = {isa = PBXFileReference; lastKnownFileType = sourcecode.cpp.cpp; name = include_juce_audio_plugin_client_ARA.cpp; path = ../../JuceLibraryCode/include_juce_audio_plugin_client_ARA.cpp; sourceTree = SOURCE_ROOT; };
		7F5FF1B72BAAC8222F53FA26 /* MetalKit.framework */ = {isa = PBXFileReference; lastKnownFileType = wrapper.framework; name = MetalKit.framework; path = System/Library/Frameworks/MetalKit.framework; sourceTree = SDKROOT; };
		80BDDFE80DC2D2F82CA9249E /* Metal.framework */ = {isa = PBXFileReference; lastKnownFileType = wrapper.framework; name = Metal.framework; path = System/Library/Frameworks/Metal.framework; sourceTree = SDKROOT; };
		81008D90E5C047CB2B569A1D /* PluginProcessor.cpp */ = {isa = PBXFileReference; lastKnownFileType = sourcecode.cpp.cpp; name = PluginProcessor.cpp; path = ../../Source/PluginProcessor.cpp; sourceTree = SOURCE_ROOT; };
		84CAFA21F2CCC595E5CD9B3E /* IOKit.framework */ = {isa = PBXFileReference; lastKnownFileType = wrapper.framework; name = IOKit.framework; path = System/Library/Frameworks/IOKit.framework; sourceTree = SDKROOT; };
		869571602E1B1679E6F6BC6C /* QuartzCore.framework */ = {isa = PBXFileReference; lastKnownFileType = wrapper.framework; name = QuartzCore.framework; path = System/Library/Frameworks/QuartzCore.framework; sourceTree = SDKROOT; };
		8EAC9D69BA6F43F0BF12C363 /* juce_core */ = {isa = PBXFileReference; lastKnownFileType = folder; name = juce_core; path = "~/JUCE/modules/juce_core"; sourceTree = "<absolute>"; };
		8ED9B7CD1118280D151917AA /* include_juce_audio_processors_ara.cpp */ = {isa = PBXFileReference; lastKnownFileType = sourcecode.cpp.cpp; name = include_juce_audio_processors_ara.cpp; path = ../../JuceLibraryCode/include_juce_audio_processors_ara.cpp; sourceTree = SOURCE_ROOT; };
		92999E12D973D20613AEBA2B /* include_juce_audio_processors_lv2_libs.cpp */ = {isa = PBXFileReference; lastKnownFileType = sourcecode.cpp.cpp; name = include_juce_audio_processors_lv2_libs.cpp; path = ../../JuceLibraryCode/include_juce_audio_processors_lv2_libs.cpp; sourceTree = SOURCE_ROOT; };
		9EEBBD3109BABBEE469F4320 /* juce_gui_basics */ = {isa = PBXFileReference; lastKnownFileType = folder; name = juce_gui_basics; path = "~/JUCE/modules/juce_gui_basics"; sourceTree = "<absolute>"; };
		A0A33B3B6C1DDC56D76E1957 /* juce_audio_processors */ = {isa = PBXFileReference; lastKnownFileType = folder; name = juce_audio_processors; path = "~/JUCE/modules/juce_audio_processors"; sourceTree = "<absolute>"; };
		A469D57BC70DB88664475CB5 /* include_juce_audio_plugin_client_Standalone.cpp */ = {isa = PBXFileReference; lastKnownFileType = sourcecode.cpp.cpp; name = include_juce_audio_plugin_client_Standalone.cpp; path = ../../JuceLibraryCode/include_juce_audio_plugin_client_Standalone.cpp; sourceTree = SOURCE_ROOT; };
		AA924DD58730483DECF7904E /* include_juce_gui_basics.mm */ = {isa = PBXFileReference; lastKnownFileType = sourcecode.cpp.objcpp; name = include_juce_gui_basics.mm; path = ../../JuceLibraryCode/include_juce_gui_basics.mm; sourceTree = SOURCE_ROOT; };
		B317B9B541929C3C1EB4D930 /* JuceHeader.h */ = {isa = PBXFileReference; lastKnownFileType = sourcecode.c.h; name = JuceHeader.h; path = ../../JuceLibraryCode/JuceHeader.h; sourceTree = SOURCE_ROOT; };
		BB6311B7E0917952E988DE37 /* juce_audio_basics */ = {isa = PBXFileReference; lastKnownFileType = folder; name = juce_audio_basics; path = "~/JUCE/modules/juce_audio_basics"; sourceTree = "<absolute>"; };
		BE4BE6F9AC21418582F31AFB /* juce_gui_extra */ = {isa = PBXFileReference; lastKnownFileType = folder; name = juce_gui_extra; path = "~/JUCE/modules/juce_gui_extra"; sourceTree = "<absolute>"; };
		C50CC21DC33664BFECE4444B /* include_juce_data_structures.mm */ = {isa = PBXFileReference; lastKnownFileType = sourcecode.cpp.objcpp; name = include_juce_data_structures.mm; path = ../../JuceLibraryCode/include_juce_data_structures.mm; sourceTree = SOURCE_ROOT; };
		C87EA66180271B6841F5B8FE /* DiscRecording.framework */ = {isa = PBXFileReference; lastKnownFileType = wrapper.framework; name = DiscRecording.framework; path = System/Library/Frameworks/DiscRecording.framework; sourceTree = SDKROOT; };
		CC37E6EC2D18F7A2B15E6823 /* juce_audio_utils */ = {isa = PBXFileReference; lastKnownFileType = folder; name = juce_audio_utils; path = "~/JUCE/modules/juce_audio_utils"; sourceTree = "<absolute>"; };
		CCD1F394486A86DCFE8C67C7 /* include_juce_audio_devices.mm */ = {isa = PBXFileReference; lastKnownFileType = sourcecode.cpp.objcpp; name = include_juce_audio_devices.mm; path = ../../JuceLibraryCode/include_juce_audio_devices.mm; sourceTree = SOURCE_ROOT; };
		CDC3FDE452AB3C17AC72EBCA /* juce_data_structures */ = {isa = PBXFileReference; lastKnownFileType = folder; name = juce_data_structures; path = "~/JUCE/modules/juce_data_structures"; sourceTree = "<absolute>"; };
		D19BD372194F921944CECE49 /* libTester1.a */ = {isa = PBXFileReference; explicitFileType = archive.ar; includeInIndex = 0; path = libTester1.a; sourceTree = BUILT_PRODUCTS_DIR; };
		D32F31DD1592F7AED321BACD /* include_juce_events.mm */ = {isa = PBXFileReference; lastKnownFileType = sourcecode.cpp.objcpp; name = include_juce_events.mm; path = ../../JuceLibraryCode/include_juce_events.mm; sourceTree = SOURCE_ROOT; };
		D387952F72E720138E34910C /* CoreAudioKit.framework */ = {isa = PBXFileReference; lastKnownFileType = wrapper.framework; name = CoreAudioKit.framework; path = System/Library/Frameworks/CoreAudioKit.framework; sourceTree = SDKROOT; };
		D766D0AD91FEAB456F038E19 /* WebKit.framework */ = {isa = PBXFileReference; lastKnownFileType = wrapper.framework; name = WebKit.framework; path = System/Library/Frameworks/WebKit.framework; sourceTree = SDKROOT; };
		EA124250F97E9F1C54D4AA0F /* PluginProcessor.h */ = {isa = PBXFileReference; lastKnownFileType = sourcecode.c.h; name = PluginProcessor.h; path = ../../Source/PluginProcessor.h; sourceTree = SOURCE_ROOT; };
		EEB7F97691D1E8F7F0661336 /* Cocoa.framework */ = {isa = PBXFileReference; lastKnownFileType = wrapper.framework; name = Cocoa.framework; path = System/Library/Frameworks/Cocoa.framework; sourceTree = SDKROOT; };
		F145DC5841CA9E067FE53B45 /* include_juce_gui_extra.mm */ = {isa = PBXFileReference; lastKnownFileType = sourcecode.cpp.objcpp; name = include_juce_gui_extra.mm; path = ../../JuceLibraryCode/include_juce_gui_extra.mm; sourceTree = SOURCE_ROOT; };
		F21C1D66F7814ED58DC86162 /* include_juce_audio_processors.mm */ = {isa = PBXFileReference; lastKnownFileType = sourcecode.cpp.objcpp; name = include_juce_audio_processors.mm; path = ../../JuceLibraryCode/include_juce_audio_processors.mm; sourceTree = SOURCE_ROOT; };
		F3993CFC4DBF1C4D5939A179 /* include_juce_audio_utils.mm */ = {isa = PBXFileReference; lastKnownFileType = sourcecode.cpp.objcpp; name = include_juce_audio_utils.mm; path = ../../JuceLibraryCode/include_juce_audio_utils.mm; sourceTree = SOURCE_ROOT; };
		F3BF1C3191104F1FE6D0C1CF /* AudioToolbox.framework */ = {isa = PBXFileReference; lastKnownFileType = wrapper.framework; name = AudioToolbox.framework; path = System/Library/Frameworks/AudioToolbox.framework; sourceTree = SDKROOT; };
		F4B002C81C6FC841FF301230 /* Accelerate.framework */ = {isa = PBXFileReference; lastKnownFileType = wrapper.framework; name = Accelerate.framework; path = System/Library/Frameworks/Accelerate.framework; sourceTree = SDKROOT; };
		FB08CB6DD634E2F0BE1AAE2D /* JucePluginDefines.h */ = {isa = PBXFileReference; lastKnownFileType = sourcecode.c.h; name = JucePluginDefines.h; path = ../../JuceLibraryCode/JucePluginDefines.h; sourceTree = SOURCE_ROOT; };
/* End PBXFileReference section */

/* Begin PBXFrameworksBuildPhase section */
		C61EBF63A7A3A226633EE365 /* Frameworks */ = {
			isa = PBXFrameworksBuildPhase;
			buildActionMask = 2147483647;
			files = (
				3BBECEEF1977D3F6D047232B /* Accelerate.framework in Frameworks */,
				6CC36A80A36B27C67A50BB7B /* AudioToolbox.framework in Frameworks */,
				0FFD9D0DBA1619972F901163 /* Cocoa.framework in Frameworks */,
				F02EA3F904955FE88D15F797 /* CoreAudio.framework in Frameworks */,
				A7A8F1B883F922A753CC7B52 /* CoreAudioKit.framework in Frameworks */,
				0AC6598BF6D5D8EF42A926ED /* CoreMIDI.framework in Frameworks */,
				801F693CC1B0DAA4EE5BCB5B /* DiscRecording.framework in Frameworks */,
				4B2B85495350D7690F0854F3 /* Foundation.framework in Frameworks */,
				15894D42FEB40939BAB5B275 /* IOKit.framework in Frameworks */,
				811A8FFEA61DF49DB668E930 /* QuartzCore.framework in Frameworks */,
				52AECF6F88195FC71701352C /* Security.framework in Frameworks */,
				2DE72DAC5A2EAA3B4D61D541 /* WebKit.framework in Frameworks */,
				1077C3EEA112F5552BB52BBF /* Metal.framework in Frameworks */,
				9A87EB9538F3A36CF1C58D07 /* MetalKit.framework in Frameworks */,
			);
			runOnlyForDeploymentPostprocessing = 0;
		};
/* End PBXFrameworksBuildPhase section */

/* Begin PBXGroup section */
		484B56868B0CD1CCDD148FB3 /* JUCE Modules */ = {
			isa = PBXGroup;
			children = (
				BB6311B7E0917952E988DE37 /* juce_audio_basics */,
				10E02D0EFD9E0913FF2FCF3F /* juce_audio_devices */,
				0E826B38DA8C966F6BD23822 /* juce_audio_formats */,
				326243B165983B61681F1952 /* juce_audio_plugin_client */,
				A0A33B3B6C1DDC56D76E1957 /* juce_audio_processors */,
				CC37E6EC2D18F7A2B15E6823 /* juce_audio_utils */,
				8EAC9D69BA6F43F0BF12C363 /* juce_core */,
				CDC3FDE452AB3C17AC72EBCA /* juce_data_structures */,
				1E72443A166A3B6E783E55EE /* juce_events */,
				1D5646CE57055FD2F47D6F42 /* juce_graphics */,
				9EEBBD3109BABBEE469F4320 /* juce_gui_basics */,
				BE4BE6F9AC21418582F31AFB /* juce_gui_extra */,
			);
			name = "JUCE Modules";
			sourceTree = "<group>";
		};
		4F1B076C93024DDA3AF4D68B /* JUCE Library Code */ = {
			isa = PBXGroup;
			children = (
				6C0EBD71768573BFE3C85A97 /* include_juce_audio_basics.mm */,
				CCD1F394486A86DCFE8C67C7 /* include_juce_audio_devices.mm */,
				34C3F28E72D1EFFC602F7FE2 /* include_juce_audio_formats.mm */,
				7AAE11E2AEFB586AE8D05BF9 /* include_juce_audio_plugin_client_ARA.cpp */,
				A469D57BC70DB88664475CB5 /* include_juce_audio_plugin_client_Standalone.cpp */,
				F21C1D66F7814ED58DC86162 /* include_juce_audio_processors.mm */,
				8ED9B7CD1118280D151917AA /* include_juce_audio_processors_ara.cpp */,
				92999E12D973D20613AEBA2B /* include_juce_audio_processors_lv2_libs.cpp */,
				F3993CFC4DBF1C4D5939A179 /* include_juce_audio_utils.mm */,
				2B551043EE6A9588D38B2CFB /* include_juce_core.mm */,
				C50CC21DC33664BFECE4444B /* include_juce_data_structures.mm */,
				D32F31DD1592F7AED321BACD /* include_juce_events.mm */,
				69B3AB54052129A94B4CFC50 /* include_juce_graphics.mm */,
				AA924DD58730483DECF7904E /* include_juce_gui_basics.mm */,
				F145DC5841CA9E067FE53B45 /* include_juce_gui_extra.mm */,
				B317B9B541929C3C1EB4D930 /* JuceHeader.h */,
				FB08CB6DD634E2F0BE1AAE2D /* JucePluginDefines.h */,
			);
			name = "JUCE Library Code";
			sourceTree = "<group>";
		};
		5B6D59FC98E2AD87CE2DC7E5 /* Source */ = {
			isa = PBXGroup;
			children = (
				B714E2755D9ADA45ED10BD0A /* Tester1 */,
				484B56868B0CD1CCDD148FB3 /* JUCE Modules */,
				4F1B076C93024DDA3AF4D68B /* JUCE Library Code */,
				94395BB5A968AF652CC3D2C4 /* Resources */,
				9FF650F3E7D9348763B9476A /* Frameworks */,
				F62378D9013C8BE5671FDB44 /* Products */,
			);
			name = Source;
			sourceTree = "<group>";
		};
		75D380CE7CA3F3D2416E688D /* Source */ = {
			isa = PBXGroup;
			children = (
				81008D90E5C047CB2B569A1D /* PluginProcessor.cpp */,
				EA124250F97E9F1C54D4AA0F /* PluginProcessor.h */,
				6A77913E8FADBC180A521BC8 /* PluginEditor.cpp */,
				67C38F702541FF63C02F24E4 /* PluginEditor.h */,
			);
			name = Source;
			sourceTree = "<group>";
		};
		94395BB5A968AF652CC3D2C4 /* Resources */ = {
			isa = PBXGroup;
			children = (
				006AF8A245D3C842840A768A /* Info-Standalone_Plugin.plist */,
				57D57412CC184FB018439CD8 /* RecentFilesMenuTemplate.nib */,
			);
			name = Resources;
			sourceTree = "<group>";
		};
		9FF650F3E7D9348763B9476A /* Frameworks */ = {
			isa = PBXGroup;
			children = (
				F4B002C81C6FC841FF301230 /* Accelerate.framework */,
				F3BF1C3191104F1FE6D0C1CF /* AudioToolbox.framework */,
				EEB7F97691D1E8F7F0661336 /* Cocoa.framework */,
				66C766312804DB327C5E4876 /* CoreAudio.framework */,
				D387952F72E720138E34910C /* CoreAudioKit.framework */,
				4984372B4E0E211E50AE560D /* CoreMIDI.framework */,
				C87EA66180271B6841F5B8FE /* DiscRecording.framework */,
				57A854EBFC6407DABD12D15F /* Foundation.framework */,
				84CAFA21F2CCC595E5CD9B3E /* IOKit.framework */,
				869571602E1B1679E6F6BC6C /* QuartzCore.framework */,
				4AEB127BF7197762B0E1178D /* Security.framework */,
				D766D0AD91FEAB456F038E19 /* WebKit.framework */,
				80BDDFE80DC2D2F82CA9249E /* Metal.framework */,
				7F5FF1B72BAAC8222F53FA26 /* MetalKit.framework */,
			);
			name = Frameworks;
			sourceTree = "<group>";
		};
		B714E2755D9ADA45ED10BD0A /* Tester1 */ = {
			isa = PBXGroup;
			children = (
				75D380CE7CA3F3D2416E688D /* Source */,
			);
			name = Tester1;
			sourceTree = "<group>";
		};
		F62378D9013C8BE5671FDB44 /* Products */ = {
			isa = PBXGroup;
			children = (
				211EEF6BCEA5DEC416011D53 /* Tester1.app */,
				D19BD372194F921944CECE49 /* libTester1.a */,
			);
			name = Products;
			sourceTree = "<group>";
		};
/* End PBXGroup section */

/* Begin PBXNativeTarget section */
		3DB21A14F3C6A0122487E040 /* Tester1 - Shared Code */ = {
			isa = PBXNativeTarget;
			buildConfigurationList = 9D3EB80BC73039735412FC8F /* Build configuration list for PBXNativeTarget "Tester1 - Shared Code" */;
			buildPhases = (
				33907F045624302439386CC8 /* Sources */,
			);
			buildRules = (
			);
			dependencies = (
			);
			name = "Tester1 - Shared Code";
			productName = Tester1;
			productReference = D19BD372194F921944CECE49 /* libTester1.a */;
			productType = "com.apple.product-type.library.static";
		};
		8391073B14A4D193CDFCC242 /* Tester1 - Standalone Plugin */ = {
			isa = PBXNativeTarget;
			buildConfigurationList = 4E149CB72FDB8DA2CE97F212 /* Build configuration list for PBXNativeTarget "Tester1 - Standalone Plugin" */;
			buildPhases = (
				0DC99761E9391E5752172A7D /* Resources */,
				FDD168692A969B4E4B3C7B6D /* Sources */,
				C61EBF63A7A3A226633EE365 /* Frameworks */,
			);
			buildRules = (
			);
			dependencies = (
				75DCE50932E63C198D41F78A /* PBXTargetDependency */,
			);
			name = "Tester1 - Standalone Plugin";
			productName = Tester1;
			productReference = 211EEF6BCEA5DEC416011D53 /* Tester1.app */;
			productType = "com.apple.product-type.application";
		};
/* End PBXNativeTarget section */

/* Begin PBXProject section */
		234E22BF66E16660638D8976 /* Project object */ = {
			isa = PBXProject;
			attributes = {
				LastUpgradeCheck = 1400;
				ORGANIZATIONNAME = "";
				TargetAttributes = {
					3DB21A14F3C6A0122487E040 = {
						SystemCapabilities = {
							com.apple.ApplicationGroups.iOS = {
								enabled = 0;
							};
							com.apple.HardenedRuntime = {
								enabled = 0;
							};
							com.apple.InAppPurchase = {
								enabled = 0;
							};
							com.apple.InterAppAudio = {
								enabled = 0;
							};
							com.apple.Push = {
								enabled = 0;
							};
							com.apple.Sandbox = {
								enabled = 0;
							};
						};
					};
					456AD866690227F090CFB820 = {
						SystemCapabilities = {
							com.apple.ApplicationGroups.iOS = {
								enabled = 0;
							};
							com.apple.HardenedRuntime = {
								enabled = 0;
							};
							com.apple.InAppPurchase = {
								enabled = 0;
							};
							com.apple.InterAppAudio = {
								enabled = 0;
							};
							com.apple.Push = {
								enabled = 0;
							};
							com.apple.Sandbox = {
								enabled = 0;
							};
						};
					};
					8391073B14A4D193CDFCC242 = {
						SystemCapabilities = {
							com.apple.ApplicationGroups.iOS = {
								enabled = 0;
							};
							com.apple.HardenedRuntime = {
								enabled = 0;
							};
							com.apple.InAppPurchase = {
								enabled = 0;
							};
							com.apple.InterAppAudio = {
								enabled = 0;
							};
							com.apple.Push = {
								enabled = 0;
							};
							com.apple.Sandbox = {
								enabled = 0;
							};
						};
					};
				};
			};
			buildConfigurationList = B8BA68E5EA422B397DE1D6F3 /* Build configuration list for PBXProject "Tester1" */;
			compatibilityVersion = "Xcode 3.2";
			developmentRegion = en;
			hasScannedForEncodings = 0;
			knownRegions = (
				en,
				Base,
			);
			mainGroup = 5B6D59FC98E2AD87CE2DC7E5 /* Source */;
			projectDirPath = "";
			projectRoot = "";
			targets = (
				456AD866690227F090CFB820 /* Tester1 - All */,
				8391073B14A4D193CDFCC242 /* Tester1 - Standalone Plugin */,
				3DB21A14F3C6A0122487E040 /* Tester1 - Shared Code */,
			);
		};
/* End PBXProject section */

/* Begin PBXResourcesBuildPhase section */
		0DC99761E9391E5752172A7D /* Resources */ = {
			isa = PBXResourcesBuildPhase;
			buildActionMask = 2147483647;
			files = (
				1E2F0810DFAB2A3B0559CAF1 /* RecentFilesMenuTemplate.nib in Resources */,
			);
			runOnlyForDeploymentPostprocessing = 0;
		};
/* End PBXResourcesBuildPhase section */

/* Begin PBXSourcesBuildPhase section */
		33907F045624302439386CC8 /* Sources */ = {
			isa = PBXSourcesBuildPhase;
			buildActionMask = 2147483647;
			files = (
				BF63244E6100F9362EAE5C2B /* PluginEditor.cpp in Sources */,
				03A7BC0C40B5F2500698EEA5 /* include_juce_audio_basics.mm in Sources */,
				E6F871E27DAA1A67FCA2CBDB /* include_juce_audio_devices.mm in Sources */,
				DAE896FFB088DBDDC2CAD173 /* include_juce_audio_formats.mm in Sources */,
				F74EC7F38725580A8A2CEFFF /* include_juce_audio_plugin_client_ARA.cpp in Sources */,
				094515D68C2EDFCABD854077 /* include_juce_audio_processors.mm in Sources */,
				7D9DAC0BD72CE0CA53F5AADC /* include_juce_audio_processors_ara.cpp in Sources */,
				E5625B2A2EAE6836851492B7 /* include_juce_audio_processors_lv2_libs.cpp in Sources */,
				B1E4D412681BDF4BC497EB07 /* include_juce_audio_utils.mm in Sources */,
				39A413B86D902A06C68A5B06 /* include_juce_core.mm in Sources */,
				31410792B92691D6DC2B7717 /* include_juce_data_structures.mm in Sources */,
				BFF62B5C7855E111AF537145 /* include_juce_events.mm in Sources */,
				2A18737B6F61B69EA983E17A /* include_juce_graphics.mm in Sources */,
				49CE98F8020C361A587727F8 /* include_juce_gui_basics.mm in Sources */,
				4CC2263A2CAE9A69E85006B7 /* include_juce_gui_extra.mm in Sources */,
			);
			runOnlyForDeploymentPostprocessing = 0;
		};
		FDD168692A969B4E4B3C7B6D /* Sources */ = {
			isa = PBXSourcesBuildPhase;
			buildActionMask = 2147483647;
			files = (
				F69A214EBD5C47BE9314E582 /* include_juce_audio_plugin_client_Standalone.cpp in Sources */,
				9BD22EDF2B711BC500619B79 /* PluginProcessor.cpp in Sources */,
			);
			runOnlyForDeploymentPostprocessing = 0;
		};
/* End PBXSourcesBuildPhase section */

/* Begin PBXTargetDependency section */
		052145C5ED9E93DA590F9BEF /* PBXTargetDependency */ = {
			isa = PBXTargetDependency;
			target = 3DB21A14F3C6A0122487E040 /* Tester1 - Shared Code */;
			targetProxy = 9BD22EDD2B711B0D00619B79 /* PBXContainerItemProxy */;
		};
		25FE32C830655AEE4CE58D47 /* PBXTargetDependency */ = {
			isa = PBXTargetDependency;
			target = 8391073B14A4D193CDFCC242 /* Tester1 - Standalone Plugin */;
			targetProxy = 9BD22EDC2B711B0D00619B79 /* PBXContainerItemProxy */;
		};
		75DCE50932E63C198D41F78A /* PBXTargetDependency */ = {
			isa = PBXTargetDependency;
			target = 3DB21A14F3C6A0122487E040 /* Tester1 - Shared Code */;
			targetProxy = 9BD22EDB2B711B0D00619B79 /* PBXContainerItemProxy */;
		};
/* End PBXTargetDependency section */

/* Begin XCBuildConfiguration section */
		04D3C8F90CBE08CB328EFD99 /* Debug */ = {
			isa = XCBuildConfiguration;
			buildSettings = {
				CLANG_CXX_LANGUAGE_STANDARD = "c++17";
				CLANG_CXX_LIBRARY = "libc++";
				CLANG_LINK_OBJC_RUNTIME = NO;
				COMBINE_HIDPI_IMAGES = YES;
				CONFIGURATION_BUILD_DIR = "$(PROJECT_DIR)/build/$(CONFIGURATION)";
				COPY_PHASE_STRIP = NO;
				DEAD_CODE_STRIPPING = YES;
				EXCLUDED_ARCHS = "";
				GCC_DYNAMIC_NO_PIC = NO;
				GCC_OPTIMIZATION_LEVEL = 0;
				GCC_PREPROCESSOR_DEFINITIONS = (
					"_DEBUG=1",
					"DEBUG=1",
					"JUCE_DISPLAY_SPLASH_SCREEN=1",
					"JUCE_USE_DARK_SPLASH_SCREEN=1",
					"JUCE_PROJUCER_VERSION=0x70009",
					"JUCE_MODULE_AVAILABLE_juce_audio_basics=1",
					"JUCE_MODULE_AVAILABLE_juce_audio_devices=1",
					"JUCE_MODULE_AVAILABLE_juce_audio_formats=1",
					"JUCE_MODULE_AVAILABLE_juce_audio_plugin_client=1",
					"JUCE_MODULE_AVAILABLE_juce_audio_processors=1",
					"JUCE_MODULE_AVAILABLE_juce_audio_utils=1",
					"JUCE_MODULE_AVAILABLE_juce_core=1",
					"JUCE_MODULE_AVAILABLE_juce_data_structures=1",
					"JUCE_MODULE_AVAILABLE_juce_events=1",
					"JUCE_MODULE_AVAILABLE_juce_graphics=1",
					"JUCE_MODULE_AVAILABLE_juce_gui_basics=1",
					"JUCE_MODULE_AVAILABLE_juce_gui_extra=1",
					"JUCE_GLOBAL_MODULE_SETTINGS_INCLUDED=1",
					"JUCE_VST3_CAN_REPLACE_VST2=0",
					"JUCE_STRICT_REFCOUNTEDPOINTER=1",
					"JucePlugin_Build_VST=0",
					"JucePlugin_Build_VST3=0",
					"JucePlugin_Build_AU=0",
					"JucePlugin_Build_AUv3=0",
					"JucePlugin_Build_AAX=0",
					"JucePlugin_Build_Standalone=1",
					"JucePlugin_Build_Unity=0",
					"JucePlugin_Build_LV2=0",
					"JucePlugin_Enable_IAA=0",
					"JucePlugin_Enable_ARA=0",
					"JucePlugin_Name=\\\"Tester1\\\"",
					"JucePlugin_Desc=\\\"Tester1\\\"",
					"JucePlugin_Manufacturer=\\\"yourcompany\\\"",
					"JucePlugin_ManufacturerWebsite=\\\"www.yourcompany.com\\\"",
					"JucePlugin_ManufacturerEmail=\\\"\\\"",
					"JucePlugin_ManufacturerCode=0x4d616e75",
					"JucePlugin_PluginCode=0x4235746f",
					"JucePlugin_IsSynth=1",
					"JucePlugin_WantsMidiInput=0",
					"JucePlugin_ProducesMidiOutput=0",
					"JucePlugin_IsMidiEffect=0",
					"JucePlugin_EditorRequiresKeyboardFocus=0",
					"JucePlugin_Version=1.0.0",
					"JucePlugin_VersionCode=0x10000",
					"JucePlugin_VersionString=\\\"1.0.0\\\"",
					"JucePlugin_VSTUniqueID=JucePlugin_PluginCode",
					"JucePlugin_VSTCategory=kPlugCategSynth",
					"JucePlugin_Vst3Category=\\\"Instrument|Synth\\\"",
					"JucePlugin_AUMainType=\\'aumu\\'",
					"JucePlugin_AUSubType=JucePlugin_PluginCode",
					"JucePlugin_AUExportPrefix=Tester1AU",
					"JucePlugin_AUExportPrefixQuoted=\\\"Tester1AU\\\"",
					"JucePlugin_AUManufacturerCode=JucePlugin_ManufacturerCode",
					"JucePlugin_CFBundleIdentifier=com.yourcompany.Tester1",
					"JucePlugin_AAXIdentifier=com.yourcompany.Tester1",
					"JucePlugin_AAXManufacturerCode=JucePlugin_ManufacturerCode",
					"JucePlugin_AAXProductId=JucePlugin_PluginCode",
					"JucePlugin_AAXCategory=2048",
					"JucePlugin_AAXDisableBypass=0",
					"JucePlugin_AAXDisableMultiMono=0",
					"JucePlugin_IAAType=0x61757267",
					"JucePlugin_IAASubType=JucePlugin_PluginCode",
					"JucePlugin_IAAName=\\\"yourcompany:\\ Tester1\\\"",
					"JucePlugin_VSTNumMidiInputs=16",
					"JucePlugin_VSTNumMidiOutputs=16",
					"JucePlugin_ARAContentTypes=0",
					"JucePlugin_ARATransformationFlags=0",
					"JucePlugin_ARAFactoryID=\\\"com.yourcompany.Tester1.factory\\\"",
					"JucePlugin_ARADocumentArchiveID=\\\"com.yourcompany.Tester1.aradocumentarchive.1.0.0\\\"",
					"JucePlugin_ARACompatibleArchiveIDs=\\\"\\\"",
					"JUCE_STANDALONE_APPLICATION=JucePlugin_Build_Standalone",
					"JUCER_XCODE_MAC_F6D2F4CF=1",
					"JUCE_APP_VERSION=1.0.0",
					"JUCE_APP_VERSION_HEX=0x10000",
					"JUCE_SHARED_CODE=1",
				);
				GCC_VERSION = com.apple.compilers.llvm.clang.1_0;
				HEADER_SEARCH_PATHS = (
					"$(SRCROOT)/../../JuceLibraryCode",
					"$(HOME)/JUCE/modules",
					"$(HOME)/JUCE/modules/juce_audio_plugin_client/AU",
					"$(inherited)",
				);
				INSTALL_PATH = "@executable_path/../Frameworks";
				MACOSX_DEPLOYMENT_TARGET = 10.13;
				MTL_HEADER_SEARCH_PATHS = "$(SRCROOT)/../../JuceLibraryCode $(HOME)/JUCE/modules $(HOME)/JUCE/modules/juce_audio_plugin_client/AU";
				PRODUCT_BUNDLE_IDENTIFIER = com.yourcompany.Tester1;
				PRODUCT_NAME = Tester1;
				SKIP_INSTALL = YES;
				USE_HEADERMAP = NO;
				VALID_ARCHS = "i386 x86_64 arm64 arm64e";
			};
			name = Debug;
		};
		22727F789273E5457E9448E0 /* Release */ = {
			isa = XCBuildConfiguration;
			buildSettings = {
				CLANG_CXX_LANGUAGE_STANDARD = "c++17";
				CLANG_CXX_LIBRARY = "libc++";
				CLANG_LINK_OBJC_RUNTIME = NO;
				COMBINE_HIDPI_IMAGES = YES;
				CONFIGURATION_BUILD_DIR = "$(PROJECT_DIR)/build/$(CONFIGURATION)";
				DEAD_CODE_STRIPPING = YES;
				EXCLUDED_ARCHS = "";
				GCC_GENERATE_DEBUGGING_SYMBOLS = NO;
				GCC_OPTIMIZATION_LEVEL = 3;
				GCC_PREPROCESSOR_DEFINITIONS = (
					"_NDEBUG=1",
					"NDEBUG=1",
					"JUCE_DISPLAY_SPLASH_SCREEN=1",
					"JUCE_USE_DARK_SPLASH_SCREEN=1",
					"JUCE_PROJUCER_VERSION=0x70009",
					"JUCE_MODULE_AVAILABLE_juce_audio_basics=1",
					"JUCE_MODULE_AVAILABLE_juce_audio_devices=1",
					"JUCE_MODULE_AVAILABLE_juce_audio_formats=1",
					"JUCE_MODULE_AVAILABLE_juce_audio_plugin_client=1",
					"JUCE_MODULE_AVAILABLE_juce_audio_processors=1",
					"JUCE_MODULE_AVAILABLE_juce_audio_utils=1",
					"JUCE_MODULE_AVAILABLE_juce_core=1",
					"JUCE_MODULE_AVAILABLE_juce_data_structures=1",
					"JUCE_MODULE_AVAILABLE_juce_events=1",
					"JUCE_MODULE_AVAILABLE_juce_graphics=1",
					"JUCE_MODULE_AVAILABLE_juce_gui_basics=1",
					"JUCE_MODULE_AVAILABLE_juce_gui_extra=1",
					"JUCE_GLOBAL_MODULE_SETTINGS_INCLUDED=1",
					"JUCE_VST3_CAN_REPLACE_VST2=0",
					"JUCE_STRICT_REFCOUNTEDPOINTER=1",
					"JucePlugin_Build_VST=0",
					"JucePlugin_Build_VST3=0",
					"JucePlugin_Build_AU=0",
					"JucePlugin_Build_AUv3=0",
					"JucePlugin_Build_AAX=0",
					"JucePlugin_Build_Standalone=1",
					"JucePlugin_Build_Unity=0",
					"JucePlugin_Build_LV2=0",
					"JucePlugin_Enable_IAA=0",
					"JucePlugin_Enable_ARA=0",
					"JucePlugin_Name=\\\"Tester1\\\"",
					"JucePlugin_Desc=\\\"Tester1\\\"",
					"JucePlugin_Manufacturer=\\\"yourcompany\\\"",
					"JucePlugin_ManufacturerWebsite=\\\"www.yourcompany.com\\\"",
					"JucePlugin_ManufacturerEmail=\\\"\\\"",
					"JucePlugin_ManufacturerCode=0x4d616e75",
					"JucePlugin_PluginCode=0x4235746f",
					"JucePlugin_IsSynth=1",
					"JucePlugin_WantsMidiInput=0",
					"JucePlugin_ProducesMidiOutput=0",
					"JucePlugin_IsMidiEffect=0",
					"JucePlugin_EditorRequiresKeyboardFocus=0",
					"JucePlugin_Version=1.0.0",
					"JucePlugin_VersionCode=0x10000",
					"JucePlugin_VersionString=\\\"1.0.0\\\"",
					"JucePlugin_VSTUniqueID=JucePlugin_PluginCode",
					"JucePlugin_VSTCategory=kPlugCategSynth",
					"JucePlugin_Vst3Category=\\\"Instrument|Synth\\\"",
					"JucePlugin_AUMainType=\\'aumu\\'",
					"JucePlugin_AUSubType=JucePlugin_PluginCode",
					"JucePlugin_AUExportPrefix=Tester1AU",
					"JucePlugin_AUExportPrefixQuoted=\\\"Tester1AU\\\"",
					"JucePlugin_AUManufacturerCode=JucePlugin_ManufacturerCode",
					"JucePlugin_CFBundleIdentifier=com.yourcompany.Tester1",
					"JucePlugin_AAXIdentifier=com.yourcompany.Tester1",
					"JucePlugin_AAXManufacturerCode=JucePlugin_ManufacturerCode",
					"JucePlugin_AAXProductId=JucePlugin_PluginCode",
					"JucePlugin_AAXCategory=2048",
					"JucePlugin_AAXDisableBypass=0",
					"JucePlugin_AAXDisableMultiMono=0",
					"JucePlugin_IAAType=0x61757267",
					"JucePlugin_IAASubType=JucePlugin_PluginCode",
					"JucePlugin_IAAName=\\\"yourcompany:\\ Tester1\\\"",
					"JucePlugin_VSTNumMidiInputs=16",
					"JucePlugin_VSTNumMidiOutputs=16",
					"JucePlugin_ARAContentTypes=0",
					"JucePlugin_ARATransformationFlags=0",
					"JucePlugin_ARAFactoryID=\\\"com.yourcompany.Tester1.factory\\\"",
					"JucePlugin_ARADocumentArchiveID=\\\"com.yourcompany.Tester1.aradocumentarchive.1.0.0\\\"",
					"JucePlugin_ARACompatibleArchiveIDs=\\\"\\\"",
					"JUCE_STANDALONE_APPLICATION=JucePlugin_Build_Standalone",
					"JUCER_XCODE_MAC_F6D2F4CF=1",
					"JUCE_APP_VERSION=1.0.0",
					"JUCE_APP_VERSION_HEX=0x10000",
					"JUCE_SHARED_CODE=1",
				);
				GCC_VERSION = com.apple.compilers.llvm.clang.1_0;
				HEADER_SEARCH_PATHS = (
					"$(SRCROOT)/../../JuceLibraryCode",
					"$(HOME)/JUCE/modules",
					"$(HOME)/JUCE/modules/juce_audio_plugin_client/AU",
					"$(inherited)",
				);
				INSTALL_PATH = "@executable_path/../Frameworks";
				LLVM_LTO = YES;
				MACOSX_DEPLOYMENT_TARGET = 10.13;
				MTL_HEADER_SEARCH_PATHS = "$(SRCROOT)/../../JuceLibraryCode $(HOME)/JUCE/modules $(HOME)/JUCE/modules/juce_audio_plugin_client/AU";
				PRODUCT_BUNDLE_IDENTIFIER = com.yourcompany.Tester1;
				PRODUCT_NAME = Tester1;
				SKIP_INSTALL = YES;
				USE_HEADERMAP = NO;
				VALID_ARCHS = "i386 x86_64 arm64 arm64e";
			};
			name = Release;
		};
		293A156329927431D4853D6D /* Debug */ = {
			isa = XCBuildConfiguration;
			buildSettings = {
				CLANG_CXX_LANGUAGE_STANDARD = "c++17";
				CLANG_CXX_LIBRARY = "libc++";
				CLANG_LINK_OBJC_RUNTIME = NO;
				CODE_SIGN_IDENTITY = "-";
				COMBINE_HIDPI_IMAGES = YES;
				CONFIGURATION_BUILD_DIR = "$(PROJECT_DIR)/build/$(CONFIGURATION)";
				COPY_PHASE_STRIP = NO;
				DEAD_CODE_STRIPPING = YES;
				EXCLUDED_ARCHS = "";
				GCC_DYNAMIC_NO_PIC = NO;
				GCC_OPTIMIZATION_LEVEL = 0;
				GCC_PREPROCESSOR_DEFINITIONS = (
					"_DEBUG=1",
					"DEBUG=1",
					"JUCE_DISPLAY_SPLASH_SCREEN=1",
					"JUCE_USE_DARK_SPLASH_SCREEN=1",
					"JUCE_PROJUCER_VERSION=0x70009",
					"JUCE_MODULE_AVAILABLE_juce_audio_basics=1",
					"JUCE_MODULE_AVAILABLE_juce_audio_devices=1",
					"JUCE_MODULE_AVAILABLE_juce_audio_formats=1",
					"JUCE_MODULE_AVAILABLE_juce_audio_plugin_client=1",
					"JUCE_MODULE_AVAILABLE_juce_audio_processors=1",
					"JUCE_MODULE_AVAILABLE_juce_audio_utils=1",
					"JUCE_MODULE_AVAILABLE_juce_core=1",
					"JUCE_MODULE_AVAILABLE_juce_data_structures=1",
					"JUCE_MODULE_AVAILABLE_juce_events=1",
					"JUCE_MODULE_AVAILABLE_juce_graphics=1",
					"JUCE_MODULE_AVAILABLE_juce_gui_basics=1",
					"JUCE_MODULE_AVAILABLE_juce_gui_extra=1",
					"JUCE_GLOBAL_MODULE_SETTINGS_INCLUDED=1",
					"JUCE_VST3_CAN_REPLACE_VST2=0",
					"JUCE_STRICT_REFCOUNTEDPOINTER=1",
					"JucePlugin_Build_VST=0",
					"JucePlugin_Build_VST3=0",
					"JucePlugin_Build_AU=0",
					"JucePlugin_Build_AUv3=0",
					"JucePlugin_Build_AAX=0",
					"JucePlugin_Build_Standalone=1",
					"JucePlugin_Build_Unity=0",
					"JucePlugin_Build_LV2=0",
					"JucePlugin_Enable_IAA=0",
					"JucePlugin_Enable_ARA=0",
					"JucePlugin_Name=\\\"Tester1\\\"",
					"JucePlugin_Desc=\\\"Tester1\\\"",
					"JucePlugin_Manufacturer=\\\"yourcompany\\\"",
					"JucePlugin_ManufacturerWebsite=\\\"www.yourcompany.com\\\"",
					"JucePlugin_ManufacturerEmail=\\\"\\\"",
					"JucePlugin_ManufacturerCode=0x4d616e75",
					"JucePlugin_PluginCode=0x4235746f",
					"JucePlugin_IsSynth=1",
					"JucePlugin_WantsMidiInput=0",
					"JucePlugin_ProducesMidiOutput=0",
					"JucePlugin_IsMidiEffect=0",
					"JucePlugin_EditorRequiresKeyboardFocus=0",
					"JucePlugin_Version=1.0.0",
					"JucePlugin_VersionCode=0x10000",
					"JucePlugin_VersionString=\\\"1.0.0\\\"",
					"JucePlugin_VSTUniqueID=JucePlugin_PluginCode",
					"JucePlugin_VSTCategory=kPlugCategSynth",
					"JucePlugin_Vst3Category=\\\"Instrument|Synth\\\"",
					"JucePlugin_AUMainType=\\'aumu\\'",
					"JucePlugin_AUSubType=JucePlugin_PluginCode",
					"JucePlugin_AUExportPrefix=Tester1AU",
					"JucePlugin_AUExportPrefixQuoted=\\\"Tester1AU\\\"",
					"JucePlugin_AUManufacturerCode=JucePlugin_ManufacturerCode",
					"JucePlugin_CFBundleIdentifier=com.yourcompany.Tester1",
					"JucePlugin_AAXIdentifier=com.yourcompany.Tester1",
					"JucePlugin_AAXManufacturerCode=JucePlugin_ManufacturerCode",
					"JucePlugin_AAXProductId=JucePlugin_PluginCode",
					"JucePlugin_AAXCategory=2048",
					"JucePlugin_AAXDisableBypass=0",
					"JucePlugin_AAXDisableMultiMono=0",
					"JucePlugin_IAAType=0x61757267",
					"JucePlugin_IAASubType=JucePlugin_PluginCode",
					"JucePlugin_IAAName=\\\"yourcompany:\\ Tester1\\\"",
					"JucePlugin_VSTNumMidiInputs=16",
					"JucePlugin_VSTNumMidiOutputs=16",
					"JucePlugin_ARAContentTypes=0",
					"JucePlugin_ARATransformationFlags=0",
					"JucePlugin_ARAFactoryID=\\\"com.yourcompany.Tester1.factory\\\"",
					"JucePlugin_ARADocumentArchiveID=\\\"com.yourcompany.Tester1.aradocumentarchive.1.0.0\\\"",
					"JucePlugin_ARACompatibleArchiveIDs=\\\"\\\"",
					"JUCE_STANDALONE_APPLICATION=JucePlugin_Build_Standalone",
					"JUCER_XCODE_MAC_F6D2F4CF=1",
					"JUCE_APP_VERSION=1.0.0",
					"JUCE_APP_VERSION_HEX=0x10000",
				);
				GCC_VERSION = com.apple.compilers.llvm.clang.1_0;
				HEADER_SEARCH_PATHS = (
					"$(SRCROOT)/../../JuceLibraryCode",
					"$(HOME)/JUCE/modules",
					"$(HOME)/JUCE/modules/juce_audio_plugin_client/AU",
					"$(inherited)",
				);
				INFOPLIST_FILE = "Info-Standalone_Plugin.plist";
				INFOPLIST_PREPROCESS = NO;
				MACOSX_DEPLOYMENT_TARGET = 10.13;
				MTL_HEADER_SEARCH_PATHS = "$(SRCROOT)/../../JuceLibraryCode $(HOME)/JUCE/modules $(HOME)/JUCE/modules/juce_audio_plugin_client/AU";
				OTHER_LDFLAGS = "-lTester1";
				PRODUCT_BUNDLE_IDENTIFIER = com.yourcompany.Tester1;
				PRODUCT_NAME = Tester1;
				USE_HEADERMAP = NO;
				VALID_ARCHS = "i386 x86_64 arm64 arm64e";
			};
			name = Debug;
		};
		5A620D5DAAA123D7D1FBCCE4 /* Release */ = {
			isa = XCBuildConfiguration;
			buildSettings = {
				ALWAYS_SEARCH_USER_PATHS = NO;
				CLANG_ENABLE_OBJC_WEAK = YES;
				CLANG_WARN_BLOCK_CAPTURE_AUTORELEASING = YES;
				CLANG_WARN_BOOL_CONVERSION = YES;
				CLANG_WARN_COMMA = YES;
				CLANG_WARN_CONSTANT_CONVERSION = YES;
				CLANG_WARN_DEPRECATED_OBJC_IMPLEMENTATIONS = YES;
				CLANG_WARN_EMPTY_BODY = YES;
				CLANG_WARN_ENUM_CONVERSION = YES;
				CLANG_WARN_INFINITE_RECURSION = YES;
				CLANG_WARN_INT_CONVERSION = YES;
				CLANG_WARN_NON_LITERAL_NULL_CONVERSION = YES;
				CLANG_WARN_OBJC_IMPLICIT_RETAIN_SELF = YES;
				CLANG_WARN_OBJC_LITERAL_CONVERSION = YES;
				CLANG_WARN_QUOTED_INCLUDE_IN_FRAMEWORK_HEADER = YES;
				CLANG_WARN_RANGE_LOOP_ANALYSIS = YES;
				CLANG_WARN_STRICT_PROTOTYPES = YES;
				CLANG_WARN_SUSPICIOUS_MOVE = YES;
				CLANG_WARN_UNREACHABLE_CODE = YES;
				CLANG_WARN__DUPLICATE_METHOD_MATCH = YES;
				DEAD_CODE_STRIPPING = YES;
				DEBUG_INFORMATION_FORMAT = dwarf;
				ENABLE_STRICT_OBJC_MSGSEND = YES;
				ENABLE_TESTABILITY = NO;
				GCC_C_LANGUAGE_STANDARD = c11;
				GCC_INLINES_ARE_PRIVATE_EXTERN = YES;
				GCC_MODEL_TUNING = G5;
				GCC_NO_COMMON_BLOCKS = YES;
				GCC_SYMBOLS_PRIVATE_EXTERN = YES;
				GCC_WARN_64_TO_32_BIT_CONVERSION = YES;
				GCC_WARN_ABOUT_RETURN_TYPE = YES;
				GCC_WARN_CHECK_SWITCH_STATEMENTS = YES;
				GCC_WARN_MISSING_PARENTHESES = YES;
				GCC_WARN_NON_VIRTUAL_DESTRUCTOR = YES;
				GCC_WARN_TYPECHECK_CALLS_TO_PRINTF = YES;
				GCC_WARN_UNDECLARED_SELECTOR = YES;
				GCC_WARN_UNINITIALIZED_AUTOS = YES;
				GCC_WARN_UNUSED_FUNCTION = YES;
				GCC_WARN_UNUSED_VARIABLE = YES;
				PRODUCT_NAME = Tester1;
				SDKROOT = macosx;
				WARNING_CFLAGS = "-Wreorder";
				ZERO_LINK = NO;
			};
			name = Release;
		};
		F0E346C499C9A335FECA16C2 /* Debug */ = {
			isa = XCBuildConfiguration;
			buildSettings = {
				ALWAYS_SEARCH_USER_PATHS = NO;
				CLANG_ENABLE_OBJC_WEAK = YES;
				CLANG_WARN_BLOCK_CAPTURE_AUTORELEASING = YES;
				CLANG_WARN_BOOL_CONVERSION = YES;
				CLANG_WARN_COMMA = YES;
				CLANG_WARN_CONSTANT_CONVERSION = YES;
				CLANG_WARN_DEPRECATED_OBJC_IMPLEMENTATIONS = YES;
				CLANG_WARN_EMPTY_BODY = YES;
				CLANG_WARN_ENUM_CONVERSION = YES;
				CLANG_WARN_INFINITE_RECURSION = YES;
				CLANG_WARN_INT_CONVERSION = YES;
				CLANG_WARN_NON_LITERAL_NULL_CONVERSION = YES;
				CLANG_WARN_OBJC_IMPLICIT_RETAIN_SELF = YES;
				CLANG_WARN_OBJC_LITERAL_CONVERSION = YES;
				CLANG_WARN_QUOTED_INCLUDE_IN_FRAMEWORK_HEADER = YES;
				CLANG_WARN_RANGE_LOOP_ANALYSIS = YES;
				CLANG_WARN_STRICT_PROTOTYPES = YES;
				CLANG_WARN_SUSPICIOUS_MOVE = YES;
				CLANG_WARN_UNREACHABLE_CODE = YES;
				CLANG_WARN__DUPLICATE_METHOD_MATCH = YES;
				DEAD_CODE_STRIPPING = YES;
				DEBUG_INFORMATION_FORMAT = dwarf;
				ENABLE_STRICT_OBJC_MSGSEND = YES;
				ENABLE_TESTABILITY = YES;
				GCC_C_LANGUAGE_STANDARD = c11;
				GCC_INLINES_ARE_PRIVATE_EXTERN = YES;
				GCC_MODEL_TUNING = G5;
				GCC_NO_COMMON_BLOCKS = YES;
				GCC_SYMBOLS_PRIVATE_EXTERN = YES;
				GCC_WARN_64_TO_32_BIT_CONVERSION = YES;
				GCC_WARN_ABOUT_RETURN_TYPE = YES;
				GCC_WARN_CHECK_SWITCH_STATEMENTS = YES;
				GCC_WARN_MISSING_PARENTHESES = YES;
				GCC_WARN_NON_VIRTUAL_DESTRUCTOR = YES;
				GCC_WARN_TYPECHECK_CALLS_TO_PRINTF = YES;
				GCC_WARN_UNDECLARED_SELECTOR = YES;
				GCC_WARN_UNINITIALIZED_AUTOS = YES;
				GCC_WARN_UNUSED_FUNCTION = YES;
				GCC_WARN_UNUSED_VARIABLE = YES;
				ONLY_ACTIVE_ARCH = YES;
				PRODUCT_NAME = Tester1;
				SDKROOT = macosx;
				WARNING_CFLAGS = "-Wreorder";
				ZERO_LINK = NO;
			};
			name = Debug;
		};
		F41C705C77F382E56BF731BE /* Release */ = {
			isa = XCBuildConfiguration;
			buildSettings = {
				DEAD_CODE_STRIPPING = YES;
				MACOSX_DEPLOYMENT_TARGET = 10.13;
				SDKROOT = macosx;
			};
			name = Release;
		};
		F821F609CC9D7C4AAAE59E1A /* Release */ = {
			isa = XCBuildConfiguration;
			buildSettings = {
				CLANG_CXX_LANGUAGE_STANDARD = "c++17";
				CLANG_CXX_LIBRARY = "libc++";
				CLANG_LINK_OBJC_RUNTIME = NO;
				CODE_SIGN_IDENTITY = "-";
				COMBINE_HIDPI_IMAGES = YES;
				CONFIGURATION_BUILD_DIR = "$(PROJECT_DIR)/build/$(CONFIGURATION)";
				DEAD_CODE_STRIPPING = YES;
				EXCLUDED_ARCHS = "";
				GCC_GENERATE_DEBUGGING_SYMBOLS = NO;
				GCC_OPTIMIZATION_LEVEL = 3;
				GCC_PREPROCESSOR_DEFINITIONS = (
					"_NDEBUG=1",
					"NDEBUG=1",
					"JUCE_DISPLAY_SPLASH_SCREEN=1",
					"JUCE_USE_DARK_SPLASH_SCREEN=1",
					"JUCE_PROJUCER_VERSION=0x70009",
					"JUCE_MODULE_AVAILABLE_juce_audio_basics=1",
					"JUCE_MODULE_AVAILABLE_juce_audio_devices=1",
					"JUCE_MODULE_AVAILABLE_juce_audio_formats=1",
					"JUCE_MODULE_AVAILABLE_juce_audio_plugin_client=1",
					"JUCE_MODULE_AVAILABLE_juce_audio_processors=1",
					"JUCE_MODULE_AVAILABLE_juce_audio_utils=1",
					"JUCE_MODULE_AVAILABLE_juce_core=1",
					"JUCE_MODULE_AVAILABLE_juce_data_structures=1",
					"JUCE_MODULE_AVAILABLE_juce_events=1",
					"JUCE_MODULE_AVAILABLE_juce_graphics=1",
					"JUCE_MODULE_AVAILABLE_juce_gui_basics=1",
					"JUCE_MODULE_AVAILABLE_juce_gui_extra=1",
					"JUCE_GLOBAL_MODULE_SETTINGS_INCLUDED=1",
					"JUCE_VST3_CAN_REPLACE_VST2=0",
					"JUCE_STRICT_REFCOUNTEDPOINTER=1",
					"JucePlugin_Build_VST=0",
					"JucePlugin_Build_VST3=0",
					"JucePlugin_Build_AU=0",
					"JucePlugin_Build_AUv3=0",
					"JucePlugin_Build_AAX=0",
					"JucePlugin_Build_Standalone=1",
					"JucePlugin_Build_Unity=0",
					"JucePlugin_Build_LV2=0",
					"JucePlugin_Enable_IAA=0",
					"JucePlugin_Enable_ARA=0",
					"JucePlugin_Name=\\\"Tester1\\\"",
					"JucePlugin_Desc=\\\"Tester1\\\"",
					"JucePlugin_Manufacturer=\\\"yourcompany\\\"",
					"JucePlugin_ManufacturerWebsite=\\\"www.yourcompany.com\\\"",
					"JucePlugin_ManufacturerEmail=\\\"\\\"",
					"JucePlugin_ManufacturerCode=0x4d616e75",
					"JucePlugin_PluginCode=0x4235746f",
					"JucePlugin_IsSynth=1",
					"JucePlugin_WantsMidiInput=0",
					"JucePlugin_ProducesMidiOutput=0",
					"JucePlugin_IsMidiEffect=0",
					"JucePlugin_EditorRequiresKeyboardFocus=0",
					"JucePlugin_Version=1.0.0",
					"JucePlugin_VersionCode=0x10000",
					"JucePlugin_VersionString=\\\"1.0.0\\\"",
					"JucePlugin_VSTUniqueID=JucePlugin_PluginCode",
					"JucePlugin_VSTCategory=kPlugCategSynth",
					"JucePlugin_Vst3Category=\\\"Instrument|Synth\\\"",
					"JucePlugin_AUMainType=\\'aumu\\'",
					"JucePlugin_AUSubType=JucePlugin_PluginCode",
					"JucePlugin_AUExportPrefix=Tester1AU",
					"JucePlugin_AUExportPrefixQuoted=\\\"Tester1AU\\\"",
					"JucePlugin_AUManufacturerCode=JucePlugin_ManufacturerCode",
					"JucePlugin_CFBundleIdentifier=com.yourcompany.Tester1",
					"JucePlugin_AAXIdentifier=com.yourcompany.Tester1",
					"JucePlugin_AAXManufacturerCode=JucePlugin_ManufacturerCode",
					"JucePlugin_AAXProductId=JucePlugin_PluginCode",
					"JucePlugin_AAXCategory=2048",
					"JucePlugin_AAXDisableBypass=0",
					"JucePlugin_AAXDisableMultiMono=0",
					"JucePlugin_IAAType=0x61757267",
					"JucePlugin_IAASubType=JucePlugin_PluginCode",
					"JucePlugin_IAAName=\\\"yourcompany:\\ Tester1\\\"",
					"JucePlugin_VSTNumMidiInputs=16",
					"JucePlugin_VSTNumMidiOutputs=16",
					"JucePlugin_ARAContentTypes=0",
					"JucePlugin_ARATransformationFlags=0",
					"JucePlugin_ARAFactoryID=\\\"com.yourcompany.Tester1.factory\\\"",
					"JucePlugin_ARADocumentArchiveID=\\\"com.yourcompany.Tester1.aradocumentarchive.1.0.0\\\"",
					"JucePlugin_ARACompatibleArchiveIDs=\\\"\\\"",
					"JUCE_STANDALONE_APPLICATION=JucePlugin_Build_Standalone",
					"JUCER_XCODE_MAC_F6D2F4CF=1",
					"JUCE_APP_VERSION=1.0.0",
					"JUCE_APP_VERSION_HEX=0x10000",
				);
				GCC_VERSION = com.apple.compilers.llvm.clang.1_0;
				HEADER_SEARCH_PATHS = (
					"$(SRCROOT)/../../JuceLibraryCode",
					"$(HOME)/JUCE/modules",
					"$(HOME)/JUCE/modules/juce_audio_plugin_client/AU",
					"$(inherited)",
				);
				INFOPLIST_FILE = "Info-Standalone_Plugin.plist";
				INFOPLIST_PREPROCESS = NO;
				LLVM_LTO = YES;
				MACOSX_DEPLOYMENT_TARGET = 10.13;
				MTL_HEADER_SEARCH_PATHS = "$(SRCROOT)/../../JuceLibraryCode $(HOME)/JUCE/modules $(HOME)/JUCE/modules/juce_audio_plugin_client/AU";
				OTHER_LDFLAGS = "-lTester1";
				PRODUCT_BUNDLE_IDENTIFIER = com.yourcompany.Tester1;
				PRODUCT_NAME = Tester1;
				USE_HEADERMAP = NO;
				VALID_ARCHS = "i386 x86_64 arm64 arm64e";
			};
			name = Release;
		};
		F9BE66577023E1FC17C69BF6 /* Debug */ = {
			isa = XCBuildConfiguration;
			buildSettings = {
				DEAD_CODE_STRIPPING = YES;
				MACOSX_DEPLOYMENT_TARGET = 10.13;
				SDKROOT = macosx;
			};
			name = Debug;
		};
/* End XCBuildConfiguration section */

/* Begin XCConfigurationList section */
		4E149CB72FDB8DA2CE97F212 /* Build configuration list for PBXNativeTarget "Tester1 - Standalone Plugin" */ = {
			isa = XCConfigurationList;
			buildConfigurations = (
				293A156329927431D4853D6D /* Debug */,
				F821F609CC9D7C4AAAE59E1A /* Release */,
			);
			defaultConfigurationIsVisible = 0;
			defaultConfigurationName = Debug;
		};
		9D3EB80BC73039735412FC8F /* Build configuration list for PBXNativeTarget "Tester1 - Shared Code" */ = {
			isa = XCConfigurationList;
			buildConfigurations = (
				04D3C8F90CBE08CB328EFD99 /* Debug */,
				22727F789273E5457E9448E0 /* Release */,
			);
			defaultConfigurationIsVisible = 0;
			defaultConfigurationName = Debug;
		};
		B8BA68E5EA422B397DE1D6F3 /* Build configuration list for PBXProject "Tester1" */ = {
			isa = XCConfigurationList;
			buildConfigurations = (
				5A620D5DAAA123D7D1FBCCE4 /* Release */,
				F0E346C499C9A335FECA16C2 /* Debug */,
			);
			defaultConfigurationIsVisible = 0;
			defaultConfigurationName = Debug;
		};
		C32FB7AA069CEB02F566A23A /* Build configuration list for PBXAggregateTarget "Tester1 - All" */ = {
			isa = XCConfigurationList;
			buildConfigurations = (
				F9BE66577023E1FC17C69BF6 /* Debug */,
				F41C705C77F382E56BF731BE /* Release */,
			);
			defaultConfigurationIsVisible = 0;
			defaultConfigurationName = Debug;
		};
/* End XCConfigurationList section */
	};
	rootObject = 234E22BF66E16660638D8976 /* Project object */;
}
